
Microsoft Visual Studio Solution File, Format Version 12.00
# Visual Studio Version 18
VisualStudioVersion = 18.2.11415.280 d18.0
MinimumVisualStudioVersion = 10.0.40219.1
Project("{FAE04EC0-301F-11D3-BF4B-00C04F79EFBC}") = "TravelAssistant.Api", "TravelAssistant.Api.csproj", "{C3A90D54-2389-B997-A408-B2DB8566839D}"
EndProject
Global
	GlobalSection(SolutionConfigurationPlatforms) = preSolution
		Debug|Any CPU = Debug|Any CPU
		Release|Any CPU = Release|Any CPU
	EndGlobalSection
	GlobalSection(ProjectConfigurationPlatforms) = postSolution
		{C3A90D54-2389-B997-A408-B2DB8566839D}.Debug|Any CPU.ActiveCfg = Debug|Any CPU
		{C3A90D54-2389-B997-A408-B2DB8566839D}.Debug|Any CPU.Build.0 = Debug|Any CPU
		{C3A90D54-2389-B997-A408-B2DB8566839D}.Release|Any CPU.ActiveCfg = Release|Any CPU
		{C3A90D54-2389-B997-A408-B2DB8566839D}.Release|Any CPU.Build.0 = Release|Any CPU
	EndGlobalSection
	GlobalSection(SolutionProperties) = preSolution
		HideSolutionNode = FALSE
	EndGlobalSection
	GlobalSection(ExtensibilityGlobals) = postSolution
		SolutionGuid = {1247FF36-7FEE-449E-ACAF-9D11F954ABAD}
	EndGlobalSection
EndGlobal
